{
  "nodes": {
    "alejandra": {
      "inputs": {
        "fenix": "fenix",
        "flakeCompat": "flakeCompat",
        "nixpkgs": "nixpkgs"
      },
      "locked": {
        "lastModified": 1666587173,
        "narHash": "sha256-cbQ0l8RKTu5JVLMnA8dow38nCgh95CHQQDiTyraO2i0=",
        "owner": "kamadorueda",
        "repo": "alejandra",
        "rev": "422b74b10dfa059d5aefc22e4c441f8d3346b343",
        "type": "github"
      },
      "original": {
        "owner": "kamadorueda",
        "repo": "alejandra",
        "type": "github"
      }
    },
    "code-runner-nvim": {
      "flake": false,
      "locked": {
        "narHash": "sha256-oVkjS91FrHMu3JtR5yccJ6+dvRd/0xE4gMsfwGxJTwU=",
        "type": "tarball",
        "url": "https://github.com/CRAG666/code_runner.nvim/archive/7cdeb206520c5afb2bd7655da981a9bcdc3f43f8.tar.gz"
      },
      "original": {
        "type": "tarball",
        "url": "https://github.com/CRAG666/code_runner.nvim/archive/7cdeb206520c5afb2bd7655da981a9bcdc3f43f8.tar.gz"
      }
    },
    "fenix": {
      "inputs": {
        "nixpkgs": [
          "alejandra",
          "nixpkgs"
        ],
        "rust-analyzer-src": "rust-analyzer-src"
      },
      "locked": {
        "lastModified": 1657607339,
        "narHash": "sha256-HaqoAwlbVVZH2n4P3jN2FFPMpVuhxDy1poNOR7kzODc=",
        "owner": "nix-community",
        "repo": "fenix",
        "rev": "b814c83d9e6aa5a28d0cf356ecfdafb2505ad37d",
        "type": "github"
      },
      "original": {
        "owner": "nix-community",
        "repo": "fenix",
        "type": "github"
      }
    },
    "fenix_2": {
      "inputs": {
        "nixpkgs": [
          "unstable"
        ],
        "rust-analyzer-src": "rust-analyzer-src_2"
      },
      "locked": {
        "lastModified": 1668148348,
        "narHash": "sha256-q9YHSazvN/yDRTvTx0GT+2u2Q9OB54fga+GAt15tawo=",
        "owner": "nix-community",
        "repo": "fenix",
        "rev": "e05b522a16a6ca2084d51d3f77590cf22d942c90",
        "type": "github"
      },
      "original": {
        "owner": "nix-community",
        "repo": "fenix",
        "type": "github"
      }
    },
    "flake-compat": {
      "flake": false,
      "locked": {
        "lastModified": 1650374568,
        "narHash": "sha256-Z+s0J8/r907g149rllvwhb4pKi8Wam5ij0st8PwAh+E=",
        "owner": "edolstra",
        "repo": "flake-compat",
        "rev": "b4a34015c698c7793d592d66adbab377907a2be8",
        "type": "github"
      },
      "original": {
        "owner": "edolstra",
        "repo": "flake-compat",
        "type": "github"
      }
    },
    "flake-utils": {
      "locked": {
        "lastModified": 1667395993,
        "narHash": "sha256-nuEHfE/LcWyuSWnS8t12N1wc105Qtau+/OdUAjtQ0rA=",
        "owner": "numtide",
        "repo": "flake-utils",
        "rev": "5aed5285a952e0b949eb3ba02c12fa4fcfef535f",
        "type": "github"
      },
      "original": {
        "owner": "numtide",
        "repo": "flake-utils",
        "type": "github"
      }
    },
    "flakeCompat": {
      "flake": false,
      "locked": {
        "lastModified": 1650374568,
        "narHash": "sha256-Z+s0J8/r907g149rllvwhb4pKi8Wam5ij0st8PwAh+E=",
        "owner": "edolstra",
        "repo": "flake-compat",
        "rev": "b4a34015c698c7793d592d66adbab377907a2be8",
        "type": "github"
      },
      "original": {
        "owner": "edolstra",
        "repo": "flake-compat",
        "type": "github"
      }
    },
    "haskell-tools-nvim": {
      "flake": false,
      "locked": {
        "lastModified": 1668150180,
        "narHash": "sha256-bOYyyzbXo60DIVZ80ei4XauRQXUw6XypIOfyNjwIjM4=",
        "owner": "MrcJkb",
        "repo": "haskell-tools.nvim",
        "rev": "098b94faa5f95e48309232aaa9f37a218fdb13ae",
        "type": "github"
      },
      "original": {
        "owner": "MrcJkb",
        "repo": "haskell-tools.nvim",
        "type": "github"
      }
    },
    "home-manager": {
      "inputs": {
        "nixpkgs": [
          "nixpkgs"
        ]
      },
      "locked": {
        "lastModified": 1667907331,
        "narHash": "sha256-bHkAwkYlBjkupPUFcQjimNS8gxWSWjOTevEuwdnp5m0=",
        "owner": "nix-community",
        "repo": "home-manager",
        "rev": "6639e3a837fc5deb6f99554072789724997bc8e5",
        "type": "github"
      },
      "original": {
        "owner": "nix-community",
        "ref": "release-22.05",
        "repo": "home-manager",
        "type": "github"
      }
    },
    "markid": {
      "flake": false,
      "locked": {
        "lastModified": 1665729856,
        "narHash": "sha256-ZbiUvAOESdrWJn1sI08nsmw5XzAzHc94jZxl4omzKZ8=",
        "owner": "David-Kunz",
        "repo": "markid",
        "rev": "45babde2aabfa716942638e823bb015d39be7b32",
        "type": "github"
      },
      "original": {
        "owner": "David-Kunz",
        "repo": "markid",
        "type": "github"
      }
    },
    "master": {
      "locked": {
        "lastModified": 1666698895,
        "narHash": "sha256-sGfpb2+3UVENNZK98zZKpNMArhm9k0A8wfZV3ieSxXA=",
        "owner": "NixOS",
        "repo": "nixpkgs",
        "rev": "4deb94160637058c0f629d5057db988033b76c06",
        "type": "github"
      },
      "original": {
        "owner": "NixOS",
        "repo": "nixpkgs",
        "rev": "4deb94160637058c0f629d5057db988033b76c06",
        "type": "github"
      }
    },
    "neovim-flake": {
      "inputs": {
        "flake-utils": [
          "flake-utils"
        ],
        "nixpkgs": [
          "unstable"
        ]
      },
      "locked": {
        "dir": "contrib",
        "lastModified": 1668156405,
        "narHash": "sha256-gAtj/uv26ihrQNneBb7DZroWLjvchbs6zjQCzvQVcTo=",
        "owner": "neovim",
        "repo": "neovim",
        "rev": "fc7ac688c397b5f748920597fcc70fe46e907944",
        "type": "github"
      },
      "original": {
        "dir": "contrib",
        "owner": "neovim",
        "repo": "neovim",
        "type": "github"
      }
    },
    "neovim-nightly-overlay": {
      "inputs": {
        "flake-compat": [
          "flake-compat"
        ],
        "neovim-flake": [
          "neovim-flake"
        ],
        "nixpkgs": [
          "unstable"
        ]
      },
      "locked": {
        "lastModified": 1668154750,
        "narHash": "sha256-5ccSEcgeijP9hJnAsGWx8Wz6n3EdH/8vpKR66kel+W0=",
        "owner": "nix-community",
        "repo": "neovim-nightly-overlay",
        "rev": "9bc0f832263b4190f1b9e329a4c312f0af494376",
        "type": "github"
      },
      "original": {
        "owner": "nix-community",
        "repo": "neovim-nightly-overlay",
        "type": "github"
      }
    },
    "nix-filter": {
      "locked": {
        "lastModified": 1666547822,
        "narHash": "sha256-razwnAybPHyoAyhkKCwXdxihIqJi1G6e1XP4FQOJTEs=",
        "owner": "numtide",
        "repo": "nix-filter",
        "rev": "1a3b735e13e90a8d2fd5629f2f8363bd7ffbbec7",
        "type": "github"
      },
      "original": {
        "owner": "numtide",
        "repo": "nix-filter",
        "type": "github"
      }
    },
    "nix-formatter-pack": {
      "inputs": {
        "nixpkgs": [
          "nixpkgs"
        ],
        "nmd": "nmd",
        "nmt": "nmt"
      },
      "locked": {
        "lastModified": 1666782100,
        "narHash": "sha256-j7A9QDOgB0XSj0k6uO2gKd9XRv9t7jeFXXVj8jqoLYw=",
        "owner": "Gerschtli",
        "repo": "nix-formatter-pack",
        "rev": "d63aa3421d2c7301d228a9fe91e031bb0bb8f879",
        "type": "github"
      },
      "original": {
        "owner": "Gerschtli",
        "repo": "nix-formatter-pack",
        "type": "github"
      }
    },
    "nix-formatter-pack_2": {
      "inputs": {
        "nixpkgs": [
          "nix-on-droid",
          "nixpkgs"
        ],
        "nmd": "nmd_2",
        "nmt": "nmt_2"
      },
      "locked": {
        "lastModified": 1666720474,
        "narHash": "sha256-iWojjDS1D19zpeZXbBdjWb9MiKmVVFQCqtJmtTXgPx8=",
        "owner": "Gerschtli",
        "repo": "nix-formatter-pack",
        "rev": "14876cc8fe94a3d329964ecb073b4c988c7b61f5",
        "type": "github"
      },
      "original": {
        "owner": "Gerschtli",
        "repo": "nix-formatter-pack",
        "type": "github"
      }
    },
    "nix-index-database": {
      "locked": {
        "lastModified": 1667707826,
        "narHash": "sha256-qfkf/1fqulq9haCdkiOIw5uulIwJI05i0rKgRv0fUMI=",
        "owner": "Mic92",
        "repo": "nix-index-database",
        "rev": "ab10151adce5f3ee047728436471829cb91417cd",
        "type": "github"
      },
      "original": {
        "owner": "Mic92",
        "repo": "nix-index-database",
        "type": "github"
      }
    },
    "nix-on-droid": {
      "inputs": {
        "home-manager": [
          "home-manager"
        ],
        "nix-formatter-pack": "nix-formatter-pack_2",
        "nixpkgs": [
          "nixpkgs"
        ],
        "nixpkgs-for-bootstrap": "nixpkgs-for-bootstrap"
      },
      "locked": {
        "lastModified": 1667935792,
        "narHash": "sha256-xdTToQCBJFhslIsIOIjBFyVSiESLht5B5UjCjk99scY=",
        "owner": "t184256",
        "repo": "nix-on-droid",
        "rev": "27c206f57ac7c6434b53032d3625fd5cb73bb325",
        "type": "github"
      },
      "original": {
        "owner": "t184256",
        "repo": "nix-on-droid",
        "type": "github"
      }
    },
    "nixpkgs": {
      "locked": {
        "lastModified": 1657425264,
        "narHash": "sha256-3aHvoI2e8vJKw3hvnHECaBpSsL5mxVsVtaLCnTdNcH8=",
        "owner": "nixos",
        "repo": "nixpkgs",
        "rev": "de5b3dd17034e6106e75746e81618e5bd408de8a",
        "type": "github"
      },
      "original": {
        "owner": "nixos",
        "ref": "nixos-unstable-small",
        "repo": "nixpkgs",
        "type": "github"
      }
    },
    "nixpkgs-for-bootstrap": {
      "locked": {
        "lastModified": 1656265786,
        "narHash": "sha256-A9RkoGrxzsmMm0vily18p92Rasb+MbdDMaSnzmywXKw=",
        "owner": "NixOS",
        "repo": "nixpkgs",
        "rev": "cd90e773eae83ba7733d2377b6cdf84d45558780",
        "type": "github"
      },
      "original": {
        "owner": "NixOS",
        "repo": "nixpkgs",
        "rev": "cd90e773eae83ba7733d2377b6cdf84d45558780",
        "type": "github"
      }
    },
    "nixpkgs_2": {
      "locked": {
        "lastModified": 1668108235,
        "narHash": "sha256-/Di1OkjDhSrkDi1i/V1T+9NnmWBm8VBAg9xRoX4Xy8E=",
        "owner": "NixOS",
        "repo": "nixpkgs",
        "rev": "58f933e321d5076cab0e0a98b994d84a9f175d40",
        "type": "github"
      },
      "original": {
        "owner": "NixOS",
        "ref": "nixos-22.05-aarch64",
        "repo": "nixpkgs",
        "type": "github"
      }
    },
    "nmd": {
      "flake": false,
      "locked": {
        "lastModified": 1666190571,
        "narHash": "sha256-Z1hc7M9X6L+H83o9vOprijpzhTfOBjd0KmUTnpHAVjA=",
        "owner": "rycee",
        "repo": "nmd",
        "rev": "b75d312b4f33bd3294cd8ae5c2ca8c6da2afc169",
        "type": "gitlab"
      },
      "original": {
        "owner": "rycee",
        "repo": "nmd",
        "type": "gitlab"
      }
    },
    "nmd_2": {
      "flake": false,
      "locked": {
        "lastModified": 1666190571,
        "narHash": "sha256-Z1hc7M9X6L+H83o9vOprijpzhTfOBjd0KmUTnpHAVjA=",
        "owner": "rycee",
        "repo": "nmd",
        "rev": "b75d312b4f33bd3294cd8ae5c2ca8c6da2afc169",
        "type": "gitlab"
      },
      "original": {
        "owner": "rycee",
        "repo": "nmd",
        "type": "gitlab"
      }
    },
    "nmt": {
      "flake": false,
      "locked": {
        "lastModified": 1648075362,
        "narHash": "sha256-u36WgzoA84dMVsGXzml4wZ5ckGgfnvS0ryzo/3zn/Pc=",
        "owner": "rycee",
        "repo": "nmt",
        "rev": "d83601002c99b78c89ea80e5e6ba21addcfe12ae",
        "type": "gitlab"
      },
      "original": {
        "owner": "rycee",
        "repo": "nmt",
        "type": "gitlab"
      }
    },
    "nmt_2": {
      "flake": false,
      "locked": {
        "lastModified": 1648075362,
        "narHash": "sha256-u36WgzoA84dMVsGXzml4wZ5ckGgfnvS0ryzo/3zn/Pc=",
        "owner": "rycee",
        "repo": "nmt",
        "rev": "d83601002c99b78c89ea80e5e6ba21addcfe12ae",
        "type": "gitlab"
      },
      "original": {
        "owner": "rycee",
        "repo": "nmt",
        "type": "gitlab"
      }
    },
    "nvim-cmp": {
      "flake": false,
      "locked": {
        "lastModified": 1668133639,
        "narHash": "sha256-GabecyxBE15zGZvOTa/fDlh2jV2ubH1XiZ7uhMfmkcA=",
        "owner": "hrsh7th",
        "repo": "nvim-cmp",
        "rev": "c37ea78941b93ef6b6bdd8274649ea8a0ce4f87a",
        "type": "github"
      },
      "original": {
        "owner": "hrsh7th",
        "repo": "nvim-cmp",
        "type": "github"
      }
    },
    "nvim-osc52": {
      "flake": false,
      "locked": {
        "lastModified": 1668084859,
        "narHash": "sha256-ESqihzkYFsKOtAwg9tn5k41BHuSbHGKDnxPBLLtIro8=",
        "owner": "ojroques",
        "repo": "nvim-osc52",
        "rev": "27b922a88aba9b2533c4a0e0bc5bca65e3405739",
        "type": "github"
      },
      "original": {
        "owner": "ojroques",
        "repo": "nvim-osc52",
        "type": "github"
      }
    },
    "nvim-treesitter": {
      "flake": false,
      "locked": {
        "lastModified": 1668154856,
        "narHash": "sha256-tryb+97KwRMHOD91JZBo1ao/vtz8W90IzDbzzIhEHSA=",
        "owner": "nvim-treesitter",
        "repo": "nvim-treesitter",
        "rev": "47bda4171aad2ee990a35ddb6319ceedc4d78b5d",
        "type": "github"
      },
      "original": {
        "owner": "nvim-treesitter",
        "repo": "nvim-treesitter",
        "type": "github"
      }
    },
    "root": {
      "inputs": {
        "alejandra": "alejandra",
        "code-runner-nvim": "code-runner-nvim",
        "fenix": "fenix_2",
        "flake-compat": "flake-compat",
        "flake-utils": "flake-utils",
        "haskell-tools-nvim": "haskell-tools-nvim",
        "home-manager": "home-manager",
        "markid": "markid",
        "master": "master",
        "neovim-flake": "neovim-flake",
        "neovim-nightly-overlay": "neovim-nightly-overlay",
        "nix-filter": "nix-filter",
        "nix-formatter-pack": "nix-formatter-pack",
        "nix-index-database": "nix-index-database",
        "nix-on-droid": "nix-on-droid",
        "nixpkgs": "nixpkgs_2",
        "nvim-cmp": "nvim-cmp",
        "nvim-osc52": "nvim-osc52",
        "nvim-treesitter": "nvim-treesitter",
        "rust-overlay": "rust-overlay",
        "staging": "staging",
        "telescope-makefile": "telescope-makefile",
        "unstable": "unstable",
        "virtual-types-nvim": "virtual-types-nvim"
      }
    },
    "rust-analyzer-src": {
      "flake": false,
      "locked": {
        "lastModified": 1657557289,
        "narHash": "sha256-PRW+nUwuqNTRAEa83SfX+7g+g8nQ+2MMbasQ9nt6+UM=",
        "owner": "rust-lang",
        "repo": "rust-analyzer",
        "rev": "caf23f29144b371035b864a1017dbc32573ad56d",
        "type": "github"
      },
      "original": {
        "owner": "rust-lang",
        "ref": "nightly",
        "repo": "rust-analyzer",
        "type": "github"
      }
    },
    "rust-analyzer-src_2": {
      "flake": false,
      "locked": {
        "lastModified": 1668023480,
        "narHash": "sha256-X4xDNX/GLAtqNoxEVA60lJYSigICJXdWrv+7reBrrjg=",
        "owner": "rust-lang",
        "repo": "rust-analyzer",
        "rev": "599142c34abad1442994947bd1200ce0bc973c54",
        "type": "github"
      },
      "original": {
        "owner": "rust-lang",
        "ref": "nightly",
        "repo": "rust-analyzer",
        "type": "github"
      }
    },
    "rust-overlay": {
      "inputs": {
        "flake-utils": [
          "flake-utils"
        ],
        "nixpkgs": [
          "unstable"
        ]
      },
      "locked": {
        "lastModified": 1668134765,
        "narHash": "sha256-pPTpucjGejrv5aYBj1PElWl2SV//wmTUeGfyzakmqKM=",
        "owner": "oxalica",
        "repo": "rust-overlay",
        "rev": "d9917a612b3d09f26f0ead5b793009a9f6047c16",
        "type": "github"
      },
      "original": {
        "owner": "oxalica",
        "repo": "rust-overlay",
        "type": "github"
      }
    },
    "staging": {
      "locked": {
        "lastModified": 1668146693,
        "narHash": "sha256-hyShWxB+0ruettheTyFP6k8CZjU5lZ2WHu1dvtw/sL8=",
        "owner": "NixOS",
        "repo": "nixpkgs",
        "rev": "eac4d56a929e2d6a6403e7f808be7bf3cccde639",
        "type": "github"
      },
      "original": {
        "owner": "NixOS",
        "ref": "staging",
        "repo": "nixpkgs",
        "type": "github"
      }
    },
    "telescope-makefile": {
      "flake": false,
      "locked": {
        "lastModified": 1663958479,
        "narHash": "sha256-HjVteDpKEC08cLp6g2lSaptnNNCHNo8GdaQQPImNZ20=",
        "owner": "ptethng",
        "repo": "telescope-makefile",
        "rev": "23239f86ed0b443272c03848d23059f9cbe29197",
        "type": "github"
      },
      "original": {
        "owner": "ptethng",
        "repo": "telescope-makefile",
        "type": "github"
      }
    },
    "unstable": {
      "locked": {
        "lastModified": 1668086072,
        "narHash": "sha256-msFoXI5ThCmhTTqgl27hpCXWhaeqxphBaleJAgD8JYM=",
        "owner": "NixOS",
        "repo": "nixpkgs",
        "rev": "72d8853228c9758820c39b8659415b6d89279493",
        "type": "github"
      },
      "original": {
        "owner": "NixOS",
        "ref": "nixpkgs-unstable",
        "repo": "nixpkgs",
        "type": "github"
      }
    },
    "virtual-types-nvim": {
      "flake": false,
      "locked": {
        "narHash": "sha256-OuWtzwyMABsVwPVRaVUYRJ4Riiqc5iYyUAJ1u87nX/M=",
        "type": "tarball",
        "url": "https://github.com/jubnzv/virtual-types.nvim/archive/9ef9f31c58cc9deb914ee728b8bda8f217f9d1c7.tar.gz"
      },
      "original": {
        "type": "tarball",
        "url": "https://github.com/jubnzv/virtual-types.nvim/archive/9ef9f31c58cc9deb914ee728b8bda8f217f9d1c7.tar.gz"
      }
    }
  },
  "root": "root",
  "version": 7
}
